
Microsoft Visual Studio Solution File, Format Version 12.00
# Visual Studio Version 16
VisualStudioVersion = 16.0.29215.179
MinimumVisualStudioVersion = 10.0.40219.1
Project("{FAE04EC0-301F-11D3-BF4B-00C04F79EFBC}") = "Lab2_5_Thomas_Morris", "Lab2_5_Thomas_Morris\Lab2_5_Thomas_Morris.csproj", "{36E9B305-9EB0-451F-9D3E-8AD8C3770460}"
EndProject
Global
	GlobalSection(SolutionConfigurationPlatforms) = preSolution
		Debug|Any CPU = Debug|Any CPU
		Release|Any CPU = Release|Any CPU
	EndGlobalSection
	GlobalSection(ProjectConfigurationPlatforms) = postSolution
		{36E9B305-9EB0-451F-9D3E-8AD8C3770460}.Debug|Any CPU.ActiveCfg = Debug|Any CPU
		{36E9B305-9EB0-451F-9D3E-8AD8C3770460}.Debug|Any CPU.Build.0 = Debug|Any CPU
		{36E9B305-9EB0-451F-9D3E-8AD8C3770460}.Release|Any CPU.ActiveCfg = Release|Any CPU
		{36E9B305-9EB0-451F-9D3E-8AD8C3770460}.Release|Any CPU.Build.0 = Release|Any CPU
	EndGlobalSection
	GlobalSection(SolutionProperties) = preSolution
		HideSolutionNode = FALSE
	EndGlobalSection
	GlobalSection(ExtensibilityGlobals) = postSolution
		SolutionGuid = {C3C5AFCB-649A-4A35-A257-24D088BD070C}
	EndGlobalSection
EndGlobal
